lockfileVersion: '9.0'

settings:
  autoInstallPeers: true
  excludeLinksFromLockfile: false

importers:

  .:
    dependencies:
      nodejs-polars:
        specifier: ^0.18.0
        version: 0.18.0
      papaparse:
        specifier: ^5.5.2
        version: 5.5.2
    devDependencies:
      '@types/node':
        specifier: ^22.13.2
        version: 22.13.2
      '@types/papaparse':
        specifier: ^5.3.15
        version: 5.3.15
      typescript:
        specifier: ^5.7.3
        version: 5.7.3

packages:

  '@types/node@22.13.2':
    resolution: {integrity: sha512-Z+r8y3XL9ZpI2EY52YYygAFmo2/oWfNSj4BCpAXE2McAexDk8VcnBMGC9Djn9gTKt4d2T/hhXqmPzo4hfIXtTg==}

  '@types/papaparse@5.3.15':
    resolution: {integrity: sha512-JHe6vF6x/8Z85nCX4yFdDslN11d+1pr12E526X8WAfhadOeaOTx5AuIkvDKIBopfvlzpzkdMx4YyvSKCM9oqtw==}

  nodejs-polars-android-arm64@0.18.0:
    resolution: {integrity: sha512-ksmL8X2xsMkI9WMlzRw7Mt7csIDfNJVDlyybSDMMAfO1YWfC2aCFUroFc8UnXVK+8bIZXB7W+k1ZzTRhtSxPsQ==}
    engines: {node: '>= 16'}
    cpu: [arm64]
    os: [android]

  nodejs-polars-darwin-arm64@0.18.0:
    resolution: {integrity: sha512-Hs8pbyPZCvOLSVoPx6X07vmYu1NmGAvLFYVHry945alesjsMOXZ//9D8psKOsZAh8WRU36CHXHSS18+RxdzLyA==}
    engines: {node: '>= 16'}
    cpu: [arm64]
    os: [darwin]

  nodejs-polars-darwin-x64@0.18.0:
    resolution: {integrity: sha512-AmLHJ4a4ufTAFohr7b7cQmPvn1Owl6AQBwwows447GfwEO65lu0PSUcmJbeiGJcLtjM9Dji6uiJdadRnGXC4sw==}
    engines: {node: '>= 16'}
    cpu: [x64]
    os: [darwin]

  nodejs-polars-linux-arm64-gnu@0.18.0:
    resolution: {integrity: sha512-lqOA0b6XXd/8D0q4tfrlr9g+awN/lz1WoWlDJXlYDCXeEdiPzodHuKOROi/J8cwcM6RpiWLWviFkJ2FkxZBv7w==}
    engines: {node: '>= 16'}
    cpu: [arm64]
    os: [linux]

  nodejs-polars-linux-arm64-musl@0.18.0:
    resolution: {integrity: sha512-lylaOGB3c94UBpsDt4XtrS2RJymgICfAnMVlbvN+2bftejh7blDaYTJeLvZr4POHfltpWeSXjl28Zck7goDJCA==}
    engines: {node: '>= 16'}
    cpu: [arm64]
    os: [linux]

  nodejs-polars-linux-x64-gnu@0.18.0:
    resolution: {integrity: sha512-Gk6HJba0Hrea6yjDEj0u4jArWgry+s8/17g646vJdlcAWoaQYXDdfCseObGjtTqajVkFf2msrn76KWZ2Nadq5A==}
    engines: {node: '>= 16'}
    cpu: [x64]
    os: [linux]

  nodejs-polars-linux-x64-musl@0.18.0:
    resolution: {integrity: sha512-KAb72TGTphCUfTZj1mMyDAJ+/3pgifAucWjdCr6aO3Jw4XHJVu6mMRhfDUZgIGWilpwADwPLHnqPjs+qydOoCg==}
    engines: {node: '>= 16'}
    cpu: [x64]
    os: [linux]

  nodejs-polars-win32-x64-msvc@0.18.0:
    resolution: {integrity: sha512-jQJST6yDmY/q4kBCCErSaxNrJClL7Dpk7IsdoPrFHXaFzL25nmDxfgow7VWDaEiE45jNL7TXANAgDs7dT61H2Q==}
    engines: {node: '>= 16'}
    cpu: [x64]
    os: [win32]

  nodejs-polars@0.18.0:
    resolution: {integrity: sha512-TN0InAOCzXS2Nrpr+8Sh9oAvILBjIoKMscz9P5XDJ+Q2F6EMb39Um9gwRzJ2kmEqYsufw6NwsafgbY41xKwVWg==}
    engines: {node: '>= 18'}

  papaparse@5.5.2:
    resolution: {integrity: sha512-PZXg8UuAc4PcVwLosEEDYjPyfWnTEhOrUfdv+3Bx+NuAb+5NhDmXzg5fHWmdCh1mP5p7JAZfFr3IMQfcntNAdA==}

  typescript@5.7.3:
    resolution: {integrity: sha512-84MVSjMEHP+FQRPy3pX9sTVV/INIex71s9TL2Gm5FG/WG1SqXeKyZ0k7/blY/4FdOzI12CBy1vGc4og/eus0fw==}
    engines: {node: '>=14.17'}
    hasBin: true

  undici-types@6.20.0:
    resolution: {integrity: sha512-Ny6QZ2Nju20vw1SRHe3d9jVu6gJ+4e3+MMpqu7pqE5HT6WsTSlce++GQmK5UXS8mzV8DSYHrQH+Xrf2jVcuKNg==}

snapshots:

  '@types/node@22.13.2':
    dependencies:
      undici-types: 6.20.0

  '@types/papaparse@5.3.15':
    dependencies:
      '@types/node': 22.13.2

  nodejs-polars-android-arm64@0.18.0:
    optional: true

  nodejs-polars-darwin-arm64@0.18.0:
    optional: true

  nodejs-polars-darwin-x64@0.18.0:
    optional: true

  nodejs-polars-linux-arm64-gnu@0.18.0:
    optional: true

  nodejs-polars-linux-arm64-musl@0.18.0:
    optional: true

  nodejs-polars-linux-x64-gnu@0.18.0:
    optional: true

  nodejs-polars-linux-x64-musl@0.18.0:
    optional: true

  nodejs-polars-win32-x64-msvc@0.18.0:
    optional: true

  nodejs-polars@0.18.0:
    optionalDependencies:
      nodejs-polars-android-arm64: 0.18.0
      nodejs-polars-darwin-arm64: 0.18.0
      nodejs-polars-darwin-x64: 0.18.0
      nodejs-polars-linux-arm64-gnu: 0.18.0
      nodejs-polars-linux-arm64-musl: 0.18.0
      nodejs-polars-linux-x64-gnu: 0.18.0
      nodejs-polars-linux-x64-musl: 0.18.0
      nodejs-polars-win32-x64-msvc: 0.18.0

  papaparse@5.5.2: {}

  typescript@5.7.3: {}

  undici-types@6.20.0: {}
